
Microsoft Visual Studio Solution File, Format Version 12.00
# Visual Studio 15
VisualStudioVersion = 15.0.27703.2026
MinimumVisualStudioVersion = 10.0.40219.1
Project("{FAE04EC0-301F-11D3-BF4B-00C04F79EFBC}") = "ExerciseA", "ExerciseA\ExerciseA.csproj", "{6EE35D56-5637-4D46-B30C-6526CA644571}"
EndProject
Project("{2150E333-8FDC-42A3-9474-1A3956D46DE8}") = "Documents", "Documents", "{584C4549-2BEF-492F-B5DB-EDE56319CF6A}"
	ProjectSection(SolutionItems) = preProject
		Exercises.docx = Exercises.docx
	EndProjectSection
EndProject
Project("{FAE04EC0-301F-11D3-BF4B-00C04F79EFBC}") = "ExerciseB", "ExerciseB\ExerciseB.csproj", "{45E5FEC0-BC66-43F7-9382-BC8A2159065A}"
EndProject
Project("{FAE04EC0-301F-11D3-BF4B-00C04F79EFBC}") = "ExerciseC", "ExerciseC\ExerciseC.csproj", "{4BADC339-F3C0-4CE1-AC2C-7E068ADEDEC3}"
EndProject
Project("{FAE04EC0-301F-11D3-BF4B-00C04F79EFBC}") = "ExerciseD", "ExerciseD\ExerciseD.csproj", "{78A4A94D-5CC1-42ED-B472-50407C297E89}"
EndProject
Project("{FAE04EC0-301F-11D3-BF4B-00C04F79EFBC}") = "ExerciseE", "ExerciseE\ExerciseE.csproj", "{F8408C90-4B61-4C4E-869F-DFA7BBE5AC77}"
EndProject
Project("{FAE04EC0-301F-11D3-BF4B-00C04F79EFBC}") = "ExerciseF", "ExerciseF\ExerciseF.csproj", "{BBFCD844-8372-4988-AB5F-2C3EF73C787D}"
EndProject
Project("{FAE04EC0-301F-11D3-BF4B-00C04F79EFBC}") = "ExerciseG", "ExerciseG\ExerciseG.csproj", "{DCBE3BFA-F13E-4EBF-ABA5-E06888A1772F}"
EndProject
Project("{FAE04EC0-301F-11D3-BF4B-00C04F79EFBC}") = "ExerciseH", "ExerciseH\ExerciseH.csproj", "{1A0A9A74-4537-4D21-B149-35D946F3AEB2}"
EndProject
Project("{FAE04EC0-301F-11D3-BF4B-00C04F79EFBC}") = "ExerciseI", "ExerciseI\ExerciseI.csproj", "{1D1868F6-048F-43DC-BE82-62FD932A0D6F}"
EndProject
Global
	GlobalSection(SolutionConfigurationPlatforms) = preSolution
		Debug|Any CPU = Debug|Any CPU
		Release|Any CPU = Release|Any CPU
	EndGlobalSection
	GlobalSection(ProjectConfigurationPlatforms) = postSolution
		{6EE35D56-5637-4D46-B30C-6526CA644571}.Debug|Any CPU.ActiveCfg = Debug|Any CPU
		{6EE35D56-5637-4D46-B30C-6526CA644571}.Debug|Any CPU.Build.0 = Debug|Any CPU
		{6EE35D56-5637-4D46-B30C-6526CA644571}.Release|Any CPU.ActiveCfg = Release|Any CPU
		{6EE35D56-5637-4D46-B30C-6526CA644571}.Release|Any CPU.Build.0 = Release|Any CPU
		{45E5FEC0-BC66-43F7-9382-BC8A2159065A}.Debug|Any CPU.ActiveCfg = Debug|Any CPU
		{45E5FEC0-BC66-43F7-9382-BC8A2159065A}.Debug|Any CPU.Build.0 = Debug|Any CPU
		{45E5FEC0-BC66-43F7-9382-BC8A2159065A}.Release|Any CPU.ActiveCfg = Release|Any CPU
		{45E5FEC0-BC66-43F7-9382-BC8A2159065A}.Release|Any CPU.Build.0 = Release|Any CPU
		{4BADC339-F3C0-4CE1-AC2C-7E068ADEDEC3}.Debug|Any CPU.ActiveCfg = Debug|Any CPU
		{4BADC339-F3C0-4CE1-AC2C-7E068ADEDEC3}.Debug|Any CPU.Build.0 = Debug|Any CPU
		{4BADC339-F3C0-4CE1-AC2C-7E068ADEDEC3}.Release|Any CPU.ActiveCfg = Release|Any CPU
		{4BADC339-F3C0-4CE1-AC2C-7E068ADEDEC3}.Release|Any CPU.Build.0 = Release|Any CPU
		{78A4A94D-5CC1-42ED-B472-50407C297E89}.Debug|Any CPU.ActiveCfg = Debug|Any CPU
		{78A4A94D-5CC1-42ED-B472-50407C297E89}.Debug|Any CPU.Build.0 = Debug|Any CPU
		{78A4A94D-5CC1-42ED-B472-50407C297E89}.Release|Any CPU.ActiveCfg = Release|Any CPU
		{78A4A94D-5CC1-42ED-B472-50407C297E89}.Release|Any CPU.Build.0 = Release|Any CPU
		{F8408C90-4B61-4C4E-869F-DFA7BBE5AC77}.Debug|Any CPU.ActiveCfg = Debug|Any CPU
		{F8408C90-4B61-4C4E-869F-DFA7BBE5AC77}.Debug|Any CPU.Build.0 = Debug|Any CPU
		{F8408C90-4B61-4C4E-869F-DFA7BBE5AC77}.Release|Any CPU.ActiveCfg = Release|Any CPU
		{F8408C90-4B61-4C4E-869F-DFA7BBE5AC77}.Release|Any CPU.Build.0 = Release|Any CPU
		{BBFCD844-8372-4988-AB5F-2C3EF73C787D}.Debug|Any CPU.ActiveCfg = Debug|Any CPU
		{BBFCD844-8372-4988-AB5F-2C3EF73C787D}.Debug|Any CPU.Build.0 = Debug|Any CPU
		{BBFCD844-8372-4988-AB5F-2C3EF73C787D}.Release|Any CPU.ActiveCfg = Release|Any CPU
		{BBFCD844-8372-4988-AB5F-2C3EF73C787D}.Release|Any CPU.Build.0 = Release|Any CPU
		{DCBE3BFA-F13E-4EBF-ABA5-E06888A1772F}.Debug|Any CPU.ActiveCfg = Debug|Any CPU
		{DCBE3BFA-F13E-4EBF-ABA5-E06888A1772F}.Debug|Any CPU.Build.0 = Debug|Any CPU
		{DCBE3BFA-F13E-4EBF-ABA5-E06888A1772F}.Release|Any CPU.ActiveCfg = Release|Any CPU
		{DCBE3BFA-F13E-4EBF-ABA5-E06888A1772F}.Release|Any CPU.Build.0 = Release|Any CPU
		{1A0A9A74-4537-4D21-B149-35D946F3AEB2}.Debug|Any CPU.ActiveCfg = Debug|Any CPU
		{1A0A9A74-4537-4D21-B149-35D946F3AEB2}.Debug|Any CPU.Build.0 = Debug|Any CPU
		{1A0A9A74-4537-4D21-B149-35D946F3AEB2}.Release|Any CPU.ActiveCfg = Release|Any CPU
		{1A0A9A74-4537-4D21-B149-35D946F3AEB2}.Release|Any CPU.Build.0 = Release|Any CPU
		{1D1868F6-048F-43DC-BE82-62FD932A0D6F}.Debug|Any CPU.ActiveCfg = Debug|Any CPU
		{1D1868F6-048F-43DC-BE82-62FD932A0D6F}.Debug|Any CPU.Build.0 = Debug|Any CPU
		{1D1868F6-048F-43DC-BE82-62FD932A0D6F}.Release|Any CPU.ActiveCfg = Release|Any CPU
		{1D1868F6-048F-43DC-BE82-62FD932A0D6F}.Release|Any CPU.Build.0 = Release|Any CPU
	EndGlobalSection
	GlobalSection(SolutionProperties) = preSolution
		HideSolutionNode = FALSE
	EndGlobalSection
	GlobalSection(ExtensibilityGlobals) = postSolution
		SolutionGuid = {76269234-E62F-403A-AC56-3F5C29485A16}
	EndGlobalSection
EndGlobal
